
Microsoft Visual Studio Solution File, Format Version 12.00
# Visual Studio 15
VisualStudioVersion = 15.0.28307.779
MinimumVisualStudioVersion = 10.0.40219.1
Project("{9A19103F-16F7-4668-BE54-9A1E7A4F7556}") = "GrpcGeo.Domain", "GrpcGeo.Domain\GrpcGeo.Domain.csproj", "{C0EB38BF-EDA8-4003-B155-2CB80270DB28}"
EndProject
Project("{9A19103F-16F7-4668-BE54-9A1E7A4F7556}") = "GrpcGeo.Server", "GrpcGeo.Server\GrpcGeo.Server.csproj", "{BD837408-F0AA-44C9-B310-494091545590}"
EndProject
Project("{9A19103F-16F7-4668-BE54-9A1E7A4F7556}") = "GrpcGeo.Client", "GrpcGeo.Client\GrpcGeo.Client.csproj", "{7AE00099-13FE-4D60-90D9-934405F43277}"
EndProject
Global
	GlobalSection(SolutionConfigurationPlatforms) = preSolution
		Debug|Any CPU = Debug|Any CPU
		Release|Any CPU = Release|Any CPU
	EndGlobalSection
	GlobalSection(ProjectConfigurationPlatforms) = postSolution
		{C0EB38BF-EDA8-4003-B155-2CB80270DB28}.Debug|Any CPU.ActiveCfg = Debug|Any CPU
		{C0EB38BF-EDA8-4003-B155-2CB80270DB28}.Debug|Any CPU.Build.0 = Debug|Any CPU
		{C0EB38BF-EDA8-4003-B155-2CB80270DB28}.Release|Any CPU.ActiveCfg = Release|Any CPU
		{C0EB38BF-EDA8-4003-B155-2CB80270DB28}.Release|Any CPU.Build.0 = Release|Any CPU
		{BD837408-F0AA-44C9-B310-494091545590}.Debug|Any CPU.ActiveCfg = Debug|Any CPU
		{BD837408-F0AA-44C9-B310-494091545590}.Debug|Any CPU.Build.0 = Debug|Any CPU
		{BD837408-F0AA-44C9-B310-494091545590}.Release|Any CPU.ActiveCfg = Release|Any CPU
		{BD837408-F0AA-44C9-B310-494091545590}.Release|Any CPU.Build.0 = Release|Any CPU
		{7AE00099-13FE-4D60-90D9-934405F43277}.Debug|Any CPU.ActiveCfg = Debug|Any CPU
		{7AE00099-13FE-4D60-90D9-934405F43277}.Debug|Any CPU.Build.0 = Debug|Any CPU
		{7AE00099-13FE-4D60-90D9-934405F43277}.Release|Any CPU.ActiveCfg = Release|Any CPU
		{7AE00099-13FE-4D60-90D9-934405F43277}.Release|Any CPU.Build.0 = Release|Any CPU
	EndGlobalSection
	GlobalSection(SolutionProperties) = preSolution
		HideSolutionNode = FALSE
	EndGlobalSection
	GlobalSection(ExtensibilityGlobals) = postSolution
		SolutionGuid = {832946BD-8E32-46AD-AD2A-1ED65D826522}
	EndGlobalSection
EndGlobal
